
Microsoft Visual Studio Solution File, Format Version 12.00
# Visual Studio Version 17
VisualStudioVersion = 17.3.32929.385
MinimumVisualStudioVersion = 10.0.40219.1
Project("{FAE04EC0-301F-11D3-BF4B-00C04F79EFBC}") = "Ado__project", "Ado__project\Ado__project.csproj", "{12D64DC5-59E4-4B03-B1F2-469003E958D4}"
EndProject
Global
	GlobalSection(SolutionConfigurationPlatforms) = preSolution
		Debug|Any CPU = Debug|Any CPU
		Release|Any CPU = Release|Any CPU
	EndGlobalSection
	GlobalSection(ProjectConfigurationPlatforms) = postSolution
		{12D64DC5-59E4-4B03-B1F2-469003E958D4}.Debug|Any CPU.ActiveCfg = Debug|Any CPU
		{12D64DC5-59E4-4B03-B1F2-469003E958D4}.Debug|Any CPU.Build.0 = Debug|Any CPU
		{12D64DC5-59E4-4B03-B1F2-469003E958D4}.Release|Any CPU.ActiveCfg = Release|Any CPU
		{12D64DC5-59E4-4B03-B1F2-469003E958D4}.Release|Any CPU.Build.0 = Release|Any CPU
	EndGlobalSection
	GlobalSection(SolutionProperties) = preSolution
		HideSolutionNode = FALSE
	EndGlobalSection
	GlobalSection(ExtensibilityGlobals) = postSolution
		SolutionGuid = {DC7917BF-0E8D-4395-9552-37B161216A2C}
	EndGlobalSection
EndGlobal
